
Microsoft Visual Studio Solution File, Format Version 12.00
# Visual Studio 15
VisualStudioVersion = 15.0.28307.421
MinimumVisualStudioVersion = 10.0.40219.1
Project("{8BC9CEB8-8B4A-11D0-8D11-00A0C91BC942}") = "16-QAM-Modem", "16-QAM-Modem\16-QAM-Modem.vcxproj", "{4CFA744E-B081-4544-8E60-B299A707E987}"
EndProject
Project("{8BC9CEB8-8B4A-11D0-8D11-00A0C91BC942}") = "Modem Example", "Modem Example\Modem Example.vcxproj", "{45692319-358C-4BAC-B7C5-678EA408722B}"
	ProjectSection(ProjectDependencies) = postProject
		{4CFA744E-B081-4544-8E60-B299A707E987} = {4CFA744E-B081-4544-8E60-B299A707E987}
	EndProjectSection
EndProject
Global
	GlobalSection(SolutionConfigurationPlatforms) = preSolution
		Debug|x64 = Debug|x64
		Debug|x86 = Debug|x86
		Release|x64 = Release|x64
		Release|x86 = Release|x86
	EndGlobalSection
	GlobalSection(ProjectConfigurationPlatforms) = postSolution
		{4CFA744E-B081-4544-8E60-B299A707E987}.Debug|x64.ActiveCfg = Debug|x64
		{4CFA744E-B081-4544-8E60-B299A707E987}.Debug|x64.Build.0 = Debug|x64
		{4CFA744E-B081-4544-8E60-B299A707E987}.Debug|x86.ActiveCfg = Debug|Win32
		{4CFA744E-B081-4544-8E60-B299A707E987}.Debug|x86.Build.0 = Debug|Win32
		{4CFA744E-B081-4544-8E60-B299A707E987}.Release|x64.ActiveCfg = Release|x64
		{4CFA744E-B081-4544-8E60-B299A707E987}.Release|x64.Build.0 = Release|x64
		{4CFA744E-B081-4544-8E60-B299A707E987}.Release|x86.ActiveCfg = Release|Win32
		{4CFA744E-B081-4544-8E60-B299A707E987}.Release|x86.Build.0 = Release|Win32
		{45692319-358C-4BAC-B7C5-678EA408722B}.Debug|x64.ActiveCfg = Debug|x64
		{45692319-358C-4BAC-B7C5-678EA408722B}.Debug|x64.Build.0 = Debug|x64
		{45692319-358C-4BAC-B7C5-678EA408722B}.Debug|x86.ActiveCfg = Debug|Win32
		{45692319-358C-4BAC-B7C5-678EA408722B}.Debug|x86.Build.0 = Debug|Win32
		{45692319-358C-4BAC-B7C5-678EA408722B}.Release|x64.ActiveCfg = Release|x64
		{45692319-358C-4BAC-B7C5-678EA408722B}.Release|x64.Build.0 = Release|x64
		{45692319-358C-4BAC-B7C5-678EA408722B}.Release|x86.ActiveCfg = Release|Win32
		{45692319-358C-4BAC-B7C5-678EA408722B}.Release|x86.Build.0 = Release|Win32
	EndGlobalSection
	GlobalSection(SolutionProperties) = preSolution
		HideSolutionNode = FALSE
	EndGlobalSection
	GlobalSection(ExtensibilityGlobals) = postSolution
		SolutionGuid = {2334795A-D173-4202-A8AA-24DB10ED60F7}
	EndGlobalSection
EndGlobal
